
Microsoft Visual Studio Solution File, Format Version 12.00
# Visual Studio Version 17
VisualStudioVersion = 17.6.33723.286
MinimumVisualStudioVersion = 10.0.40219.1
Project("{FAE04EC0-301F-11D3-BF4B-00C04F79EFBC}") = "Calculator", "Calculator\Calculator.csproj", "{28684AFA-43AA-40A6-9521-6B29669A903B}"
EndProject
Global
	GlobalSection(SolutionConfigurationPlatforms) = preSolution
		Debug|Any CPU = Debug|Any CPU
		Release|Any CPU = Release|Any CPU
	EndGlobalSection
	GlobalSection(ProjectConfigurationPlatforms) = postSolution
		{28684AFA-43AA-40A6-9521-6B29669A903B}.Debug|Any CPU.ActiveCfg = Debug|Any CPU
		{28684AFA-43AA-40A6-9521-6B29669A903B}.Debug|Any CPU.Build.0 = Debug|Any CPU
		{28684AFA-43AA-40A6-9521-6B29669A903B}.Release|Any CPU.ActiveCfg = Release|Any CPU
		{28684AFA-43AA-40A6-9521-6B29669A903B}.Release|Any CPU.Build.0 = Release|Any CPU
	EndGlobalSection
	GlobalSection(SolutionProperties) = preSolution
		HideSolutionNode = FALSE
	EndGlobalSection
	GlobalSection(ExtensibilityGlobals) = postSolution
		SolutionGuid = {012E35D6-BD3E-4B22-9412-E9FDB69E3292}
	EndGlobalSection
EndGlobal
